
Microsoft Visual Studio Solution File, Format Version 11.00
# Visual C++ Express 2010
Project("{8BC9CEB8-8B4A-11D0-8D11-00A0C91BC942}") = "III_Ejercicio_24_CDF", "III_Ejercicio_24_CDF.vcxproj", "{6C50B214-CD11-4256-B992-2A20D7E601F1}"
EndProject
Global
	GlobalSection(SolutionConfigurationPlatforms) = preSolution
		Debug|Win32 = Debug|Win32
		Release|Win32 = Release|Win32
	EndGlobalSection
	GlobalSection(ProjectConfigurationPlatforms) = postSolution
		{6C50B214-CD11-4256-B992-2A20D7E601F1}.Debug|Win32.ActiveCfg = Debug|Win32
		{6C50B214-CD11-4256-B992-2A20D7E601F1}.Debug|Win32.Build.0 = Debug|Win32
		{6C50B214-CD11-4256-B992-2A20D7E601F1}.Release|Win32.ActiveCfg = Release|Win32
		{6C50B214-CD11-4256-B992-2A20D7E601F1}.Release|Win32.Build.0 = Release|Win32
	EndGlobalSection
	GlobalSection(SolutionProperties) = preSolution
		HideSolutionNode = FALSE
	EndGlobalSection
EndGlobal
