
Microsoft Visual Studio Solution File, Format Version 11.00
# Visual C++ Express 2010
Project("{8BC9CEB8-8B4A-11D0-8D11-00A0C91BC942}") = "III_Ejercicio_10_Triangular", "III_Ejercicio_10_Triangular.vcxproj", "{47FD8D77-6DEB-4EBD-9642-A909F9EE618C}"
EndProject
Global
	GlobalSection(SolutionConfigurationPlatforms) = preSolution
		Debug|Win32 = Debug|Win32
		Release|Win32 = Release|Win32
	EndGlobalSection
	GlobalSection(ProjectConfigurationPlatforms) = postSolution
		{47FD8D77-6DEB-4EBD-9642-A909F9EE618C}.Debug|Win32.ActiveCfg = Debug|Win32
		{47FD8D77-6DEB-4EBD-9642-A909F9EE618C}.Debug|Win32.Build.0 = Debug|Win32
		{47FD8D77-6DEB-4EBD-9642-A909F9EE618C}.Release|Win32.ActiveCfg = Release|Win32
		{47FD8D77-6DEB-4EBD-9642-A909F9EE618C}.Release|Win32.Build.0 = Release|Win32
	EndGlobalSection
	GlobalSection(SolutionProperties) = preSolution
		HideSolutionNode = FALSE
	EndGlobalSection
EndGlobal
