
Microsoft Visual Studio Solution File, Format Version 11.00
# Visual C++ Express 2010
Project("{8BC9CEB8-8B4A-11D0-8D11-00A0C91BC942}") = "I_Ejercicio_14", "I_Ejercicio_14.vcxproj", "{90F5FBB6-6D39-45D8-8808-B9EB1B24B05D}"
EndProject
Global
	GlobalSection(SolutionConfigurationPlatforms) = preSolution
		Debug|Win32 = Debug|Win32
		Release|Win32 = Release|Win32
	EndGlobalSection
	GlobalSection(ProjectConfigurationPlatforms) = postSolution
		{90F5FBB6-6D39-45D8-8808-B9EB1B24B05D}.Debug|Win32.ActiveCfg = Debug|Win32
		{90F5FBB6-6D39-45D8-8808-B9EB1B24B05D}.Debug|Win32.Build.0 = Debug|Win32
		{90F5FBB6-6D39-45D8-8808-B9EB1B24B05D}.Release|Win32.ActiveCfg = Release|Win32
		{90F5FBB6-6D39-45D8-8808-B9EB1B24B05D}.Release|Win32.Build.0 = Release|Win32
	EndGlobalSection
	GlobalSection(SolutionProperties) = preSolution
		HideSolutionNode = FALSE
	EndGlobalSection
EndGlobal
