
Microsoft Visual Studio Solution File, Format Version 11.00
# Visual C++ Express 2010
Project("{8BC9CEB8-8B4A-11D0-8D11-00A0C91BC942}") = "IV_Ejercicio_3_Invierte", "IV_Ejercicio_3_Invierte.vcxproj", "{5EEA0DB5-2F86-4CA7-BC95-F24A1AAA5872}"
EndProject
Global
	GlobalSection(SolutionConfigurationPlatforms) = preSolution
		Debug|Win32 = Debug|Win32
		Release|Win32 = Release|Win32
	EndGlobalSection
	GlobalSection(ProjectConfigurationPlatforms) = postSolution
		{5EEA0DB5-2F86-4CA7-BC95-F24A1AAA5872}.Debug|Win32.ActiveCfg = Debug|Win32
		{5EEA0DB5-2F86-4CA7-BC95-F24A1AAA5872}.Debug|Win32.Build.0 = Debug|Win32
		{5EEA0DB5-2F86-4CA7-BC95-F24A1AAA5872}.Release|Win32.ActiveCfg = Release|Win32
		{5EEA0DB5-2F86-4CA7-BC95-F24A1AAA5872}.Release|Win32.Build.0 = Release|Win32
	EndGlobalSection
	GlobalSection(SolutionProperties) = preSolution
		HideSolutionNode = FALSE
	EndGlobalSection
EndGlobal
