
Microsoft Visual Studio Solution File, Format Version 11.00
# Visual C++ Express 2010
Project("{8BC9CEB8-8B4A-11D0-8D11-00A0C91BC942}") = "V_Ejercicio_6", "V_Ejercicio_6.vcxproj", "{816274C0-4A1B-48C5-98BA-8F3707F92360}"
EndProject
Global
	GlobalSection(SolutionConfigurationPlatforms) = preSolution
		Debug|Win32 = Debug|Win32
		Release|Win32 = Release|Win32
	EndGlobalSection
	GlobalSection(ProjectConfigurationPlatforms) = postSolution
		{816274C0-4A1B-48C5-98BA-8F3707F92360}.Debug|Win32.ActiveCfg = Debug|Win32
		{816274C0-4A1B-48C5-98BA-8F3707F92360}.Debug|Win32.Build.0 = Debug|Win32
		{816274C0-4A1B-48C5-98BA-8F3707F92360}.Release|Win32.ActiveCfg = Release|Win32
		{816274C0-4A1B-48C5-98BA-8F3707F92360}.Release|Win32.Build.0 = Release|Win32
	EndGlobalSection
	GlobalSection(SolutionProperties) = preSolution
		HideSolutionNode = FALSE
	EndGlobalSection
EndGlobal
