
Microsoft Visual Studio Solution File, Format Version 11.00
# Visual C++ Express 2010
Project("{8BC9CEB8-8B4A-11D0-8D11-00A0C91BC942}") = "IV_Ejercicio_5_Elimina_Mayusculas", "IV_Ejercicio_5_Elimina_Mayusculas.vcxproj", "{F5DD3C68-3D55-4482-B59E-12F20F40626B}"
EndProject
Global
	GlobalSection(SolutionConfigurationPlatforms) = preSolution
		Debug|Win32 = Debug|Win32
		Release|Win32 = Release|Win32
	EndGlobalSection
	GlobalSection(ProjectConfigurationPlatforms) = postSolution
		{F5DD3C68-3D55-4482-B59E-12F20F40626B}.Debug|Win32.ActiveCfg = Debug|Win32
		{F5DD3C68-3D55-4482-B59E-12F20F40626B}.Debug|Win32.Build.0 = Debug|Win32
		{F5DD3C68-3D55-4482-B59E-12F20F40626B}.Release|Win32.ActiveCfg = Release|Win32
		{F5DD3C68-3D55-4482-B59E-12F20F40626B}.Release|Win32.Build.0 = Release|Win32
	EndGlobalSection
	GlobalSection(SolutionProperties) = preSolution
		HideSolutionNode = FALSE
	EndGlobalSection
EndGlobal
