
Microsoft Visual Studio Solution File, Format Version 11.00
# Visual C++ Express 2010
Project("{8BC9CEB8-8B4A-11D0-8D11-00A0C91BC942}") = "Ejercicio_6", "Ejercicio_6.vcxproj", "{E13D4633-5EAF-4530-B4FA-9F37B63473C6}"
EndProject
Global
	GlobalSection(SolutionConfigurationPlatforms) = preSolution
		Debug|Win32 = Debug|Win32
		Release|Win32 = Release|Win32
	EndGlobalSection
	GlobalSection(ProjectConfigurationPlatforms) = postSolution
		{E13D4633-5EAF-4530-B4FA-9F37B63473C6}.Debug|Win32.ActiveCfg = Debug|Win32
		{E13D4633-5EAF-4530-B4FA-9F37B63473C6}.Debug|Win32.Build.0 = Debug|Win32
		{E13D4633-5EAF-4530-B4FA-9F37B63473C6}.Release|Win32.ActiveCfg = Release|Win32
		{E13D4633-5EAF-4530-B4FA-9F37B63473C6}.Release|Win32.Build.0 = Release|Win32
	EndGlobalSection
	GlobalSection(SolutionProperties) = preSolution
		HideSolutionNode = FALSE
	EndGlobalSection
EndGlobal
