
Microsoft Visual Studio Solution File, Format Version 11.00
# Visual C++ Express 2010
Project("{8BC9CEB8-8B4A-11D0-8D11-00A0C91BC942}") = "III_Ejercicio_14", "III_Ejercicio_14.vcxproj", "{43F3F386-B0A2-43B4-BC1C-3B01B37632DF}"
EndProject
Global
	GlobalSection(SolutionConfigurationPlatforms) = preSolution
		Debug|Win32 = Debug|Win32
		Release|Win32 = Release|Win32
	EndGlobalSection
	GlobalSection(ProjectConfigurationPlatforms) = postSolution
		{43F3F386-B0A2-43B4-BC1C-3B01B37632DF}.Debug|Win32.ActiveCfg = Debug|Win32
		{43F3F386-B0A2-43B4-BC1C-3B01B37632DF}.Debug|Win32.Build.0 = Debug|Win32
		{43F3F386-B0A2-43B4-BC1C-3B01B37632DF}.Release|Win32.ActiveCfg = Release|Win32
		{43F3F386-B0A2-43B4-BC1C-3B01B37632DF}.Release|Win32.Build.0 = Release|Win32
	EndGlobalSection
	GlobalSection(SolutionProperties) = preSolution
		HideSolutionNode = FALSE
	EndGlobalSection
EndGlobal
