
Microsoft Visual Studio Solution File, Format Version 11.00
# Visual C++ Express 2010
Project("{8BC9CEB8-8B4A-11D0-8D11-00A0C91BC942}") = "II_Ejercicio_09", "II_Ejercicio_09.vcxproj", "{CACA17FE-8B9D-47CE-80BE-C017F46F6EAF}"
EndProject
Global
	GlobalSection(SolutionConfigurationPlatforms) = preSolution
		Debug|Win32 = Debug|Win32
		Release|Win32 = Release|Win32
	EndGlobalSection
	GlobalSection(ProjectConfigurationPlatforms) = postSolution
		{CACA17FE-8B9D-47CE-80BE-C017F46F6EAF}.Debug|Win32.ActiveCfg = Debug|Win32
		{CACA17FE-8B9D-47CE-80BE-C017F46F6EAF}.Debug|Win32.Build.0 = Debug|Win32
		{CACA17FE-8B9D-47CE-80BE-C017F46F6EAF}.Release|Win32.ActiveCfg = Release|Win32
		{CACA17FE-8B9D-47CE-80BE-C017F46F6EAF}.Release|Win32.Build.0 = Release|Win32
	EndGlobalSection
	GlobalSection(SolutionProperties) = preSolution
		HideSolutionNode = FALSE
	EndGlobalSection
EndGlobal
