
Microsoft Visual Studio Solution File, Format Version 11.00
# Visual C++ Express 2010
Project("{8BC9CEB8-8B4A-11D0-8D11-00A0C91BC942}") = "II_Ejercicio_23", "II_Ejercicio_23.vcxproj", "{6156C00F-DDBA-4DD7-B5EB-E3667EE331DB}"
EndProject
Global
	GlobalSection(SolutionConfigurationPlatforms) = preSolution
		Debug|Win32 = Debug|Win32
		Release|Win32 = Release|Win32
	EndGlobalSection
	GlobalSection(ProjectConfigurationPlatforms) = postSolution
		{6156C00F-DDBA-4DD7-B5EB-E3667EE331DB}.Debug|Win32.ActiveCfg = Debug|Win32
		{6156C00F-DDBA-4DD7-B5EB-E3667EE331DB}.Debug|Win32.Build.0 = Debug|Win32
		{6156C00F-DDBA-4DD7-B5EB-E3667EE331DB}.Release|Win32.ActiveCfg = Release|Win32
		{6156C00F-DDBA-4DD7-B5EB-E3667EE331DB}.Release|Win32.Build.0 = Release|Win32
	EndGlobalSection
	GlobalSection(SolutionProperties) = preSolution
		HideSolutionNode = FALSE
	EndGlobalSection
EndGlobal
