
Microsoft Visual Studio Solution File, Format Version 11.00
# Visual C++ Express 2010
Project("{8BC9CEB8-8B4A-11D0-8D11-00A0C91BC942}") = "Ejercicio_3", "Ejercicio_3.vcxproj", "{E1A1283F-7BAA-43BA-B3C0-2DB38D61397E}"
EndProject
Global
	GlobalSection(SolutionConfigurationPlatforms) = preSolution
		Debug|Win32 = Debug|Win32
		Release|Win32 = Release|Win32
	EndGlobalSection
	GlobalSection(ProjectConfigurationPlatforms) = postSolution
		{E1A1283F-7BAA-43BA-B3C0-2DB38D61397E}.Debug|Win32.ActiveCfg = Debug|Win32
		{E1A1283F-7BAA-43BA-B3C0-2DB38D61397E}.Debug|Win32.Build.0 = Debug|Win32
		{E1A1283F-7BAA-43BA-B3C0-2DB38D61397E}.Release|Win32.ActiveCfg = Release|Win32
		{E1A1283F-7BAA-43BA-B3C0-2DB38D61397E}.Release|Win32.Build.0 = Release|Win32
	EndGlobalSection
	GlobalSection(SolutionProperties) = preSolution
		HideSolutionNode = FALSE
	EndGlobalSection
EndGlobal
