
Microsoft Visual Studio Solution File, Format Version 11.00
# Visual C++ Express 2010
Project("{8BC9CEB8-8B4A-11D0-8D11-00A0C91BC942}") = "IV_Ejercicio_4_Elimina_Componente", "IV_Ejercicio_4_Elimina_Componente.vcxproj", "{CA67C013-C8E6-4813-8A68-D9CA8AD400AE}"
EndProject
Global
	GlobalSection(SolutionConfigurationPlatforms) = preSolution
		Debug|Win32 = Debug|Win32
		Release|Win32 = Release|Win32
	EndGlobalSection
	GlobalSection(ProjectConfigurationPlatforms) = postSolution
		{CA67C013-C8E6-4813-8A68-D9CA8AD400AE}.Debug|Win32.ActiveCfg = Debug|Win32
		{CA67C013-C8E6-4813-8A68-D9CA8AD400AE}.Debug|Win32.Build.0 = Debug|Win32
		{CA67C013-C8E6-4813-8A68-D9CA8AD400AE}.Release|Win32.ActiveCfg = Release|Win32
		{CA67C013-C8E6-4813-8A68-D9CA8AD400AE}.Release|Win32.Build.0 = Release|Win32
	EndGlobalSection
	GlobalSection(SolutionProperties) = preSolution
		HideSolutionNode = FALSE
	EndGlobalSection
EndGlobal
