
Microsoft Visual Studio Solution File, Format Version 11.00
# Visual C++ Express 2010
Project("{8BC9CEB8-8B4A-11D0-8D11-00A0C91BC942}") = "V_Ejercicio_5", "V_Ejercicio_5.vcxproj", "{550B1E29-9F8A-4F54-87C0-C86F3DDC3DEE}"
EndProject
Global
	GlobalSection(SolutionConfigurationPlatforms) = preSolution
		Debug|Win32 = Debug|Win32
		Release|Win32 = Release|Win32
	EndGlobalSection
	GlobalSection(ProjectConfigurationPlatforms) = postSolution
		{550B1E29-9F8A-4F54-87C0-C86F3DDC3DEE}.Debug|Win32.ActiveCfg = Debug|Win32
		{550B1E29-9F8A-4F54-87C0-C86F3DDC3DEE}.Debug|Win32.Build.0 = Debug|Win32
		{550B1E29-9F8A-4F54-87C0-C86F3DDC3DEE}.Release|Win32.ActiveCfg = Release|Win32
		{550B1E29-9F8A-4F54-87C0-C86F3DDC3DEE}.Release|Win32.Build.0 = Release|Win32
	EndGlobalSection
	GlobalSection(SolutionProperties) = preSolution
		HideSolutionNode = FALSE
	EndGlobalSection
EndGlobal
